// !$*UTF8*$!
{
	archiveVersion = 1;
	classes = {
	};
	objectVersion = 51;
	objects = {

/* Begin PBXBuildFile section */
		464C68BF241BE54900E71E40 /* AppDelegate.swift in Sources */ = {isa = PBXBuildFile; fileRef = 464C68BE241BE54900E71E40 /* AppDelegate.swift */; };
		464C68C1241BE54900E71E40 /* SceneDelegate.swift in Sources */ = {isa = PBXBuildFile; fileRef = 464C68C0241BE54900E71E40 /* SceneDelegate.swift */; };
		464C68C8241BE54D00E71E40 /* Assets.xcassets in Resources */ = {isa = PBXBuildFile; fileRef = 464C68C7241BE54D00E71E40 /* Assets.xcassets */; };
		464C68CB241BE54D00E71E40 /* LaunchScreen.storyboard in Resources */ = {isa = PBXBuildFile; fileRef = 464C68C9241BE54D00E71E40 /* LaunchScreen.storyboard */; };
		464C68D8241BE62000E71E40 /* LoginController.swift in Sources */ = {isa = PBXBuildFile; fileRef = 464C68D7241BE62000E71E40 /* LoginController.swift */; };
		464C68DA241C1AC400E71E40 /* Extensions.swift in Sources */ = {isa = PBXBuildFile; fileRef = 464C68D9241C1AC400E71E40 /* Extensions.swift */; };
		8580790AE0E9708E0568F882 /* Pods_Zuber.framework in Frameworks */ = {isa = PBXBuildFile; fileRef = A533F4C3303D6B606731D3EA /* Pods_Zuber.framework */; };
		BA0FF66325083EDC008C8307 /* HomeController.swift in Sources */ = {isa = PBXBuildFile; fileRef = BA0FF66225083EDC008C8307 /* HomeController.swift */; };
		BA0FF66625085141008C8307 /* LocationInputActivationView.swift in Sources */ = {isa = PBXBuildFile; fileRef = BA0FF66525085141008C8307 /* LocationInputActivationView.swift */; };
		BA62115824F8895A001853AA /* SignUpController.swift in Sources */ = {isa = PBXBuildFile; fileRef = BA62115724F8895A001853AA /* SignUpController.swift */; };
		BA62115C24F9D710001853AA /* AuthButton.swift in Sources */ = {isa = PBXBuildFile; fileRef = BA62115B24F9D710001853AA /* AuthButton.swift */; };
		BA62115E24F9DD39001853AA /* GoogleService-Info.plist in Resources */ = {isa = PBXBuildFile; fileRef = BA62115D24F9DD39001853AA /* GoogleService-Info.plist */; };
		BA78C5AB250C58600004BF70 /* LocationInputView.swift in Sources */ = {isa = PBXBuildFile; fileRef = BA78C5AA250C58600004BF70 /* LocationInputView.swift */; };
		BA78C5AE250C6CD70004BF70 /* LocationTableViewCell.swift in Sources */ = {isa = PBXBuildFile; fileRef = BA78C5AD250C6CD70004BF70 /* LocationTableViewCell.swift */; };
		BA78C5B4250DE22A0004BF70 /* LocationHandler.swift in Sources */ = {isa = PBXBuildFile; fileRef = BA78C5B3250DE22A0004BF70 /* LocationHandler.swift */; };
		BA78C5B6250DE87A0004BF70 /* Service.swift in Sources */ = {isa = PBXBuildFile; fileRef = BA78C5B5250DE87A0004BF70 /* Service.swift */; };
		BA78C5B8250DE89E0004BF70 /* User.swift in Sources */ = {isa = PBXBuildFile; fileRef = BA78C5B7250DE89E0004BF70 /* User.swift */; };
		BAC6F734251969F2001FFA49 /* RideActionView.swift in Sources */ = {isa = PBXBuildFile; fileRef = BAC6F733251969F2001FFA49 /* RideActionView.swift */; };
		BAEC55E3250DED4400F85BBD /* DriverAnnotation.swift in Sources */ = {isa = PBXBuildFile; fileRef = BAEC55E2250DED4400F85BBD /* DriverAnnotation.swift */; };
/* End PBXBuildFile section */

/* Begin PBXFileReference section */
		0DE5CDDA381ADB0864B6478B /* Pods-Zuber.release.xcconfig */ = {isa = PBXFileReference; includeInIndex = 1; lastKnownFileType = text.xcconfig; name = "Pods-Zuber.release.xcconfig"; path = "Target Support Files/Pods-Zuber/Pods-Zuber.release.xcconfig"; sourceTree = "<group>"; };
		464C68BB241BE54900E71E40 /* Zuber.app */ = {isa = PBXFileReference; explicitFileType = wrapper.application; includeInIndex = 0; path = Zuber.app; sourceTree = BUILT_PRODUCTS_DIR; };
		464C68BE241BE54900E71E40 /* AppDelegate.swift */ = {isa = PBXFileReference; lastKnownFileType = sourcecode.swift; path = AppDelegate.swift; sourceTree = "<group>"; };
		464C68C0241BE54900E71E40 /* SceneDelegate.swift */ = {isa = PBXFileReference; lastKnownFileType = sourcecode.swift; path = SceneDelegate.swift; sourceTree = "<group>"; };
		464C68C7241BE54D00E71E40 /* Assets.xcassets */ = {isa = PBXFileReference; lastKnownFileType = folder.assetcatalog; path = Assets.xcassets; sourceTree = "<group>"; };
		464C68CA241BE54D00E71E40 /* Base */ = {isa = PBXFileReference; lastKnownFileType = file.storyboard; name = Base; path = Base.lproj/LaunchScreen.storyboard; sourceTree = "<group>"; };
		464C68CC241BE54D00E71E40 /* Info.plist */ = {isa = PBXFileReference; lastKnownFileType = text.plist.xml; path = Info.plist; sourceTree = "<group>"; };
		464C68D7241BE62000E71E40 /* LoginController.swift */ = {isa = PBXFileReference; lastKnownFileType = sourcecode.swift; path = LoginController.swift; sourceTree = "<group>"; };
		464C68D9241C1AC400E71E40 /* Extensions.swift */ = {isa = PBXFileReference; lastKnownFileType = sourcecode.swift; path = Extensions.swift; sourceTree = "<group>"; };
		A533F4C3303D6B606731D3EA /* Pods_Zuber.framework */ = {isa = PBXFileReference; explicitFileType = wrapper.framework; includeInIndex = 0; path = Pods_Zuber.framework; sourceTree = BUILT_PRODUCTS_DIR; };
		BA0FF66225083EDC008C8307 /* HomeController.swift */ = {isa = PBXFileReference; lastKnownFileType = sourcecode.swift; path = HomeController.swift; sourceTree = "<group>"; };
		BA0FF66525085141008C8307 /* LocationInputActivationView.swift */ = {isa = PBXFileReference; lastKnownFileType = sourcecode.swift; path = LocationInputActivationView.swift; sourceTree = "<group>"; };
		BA62115724F8895A001853AA /* SignUpController.swift */ = {isa = PBXFileReference; lastKnownFileType = sourcecode.swift; path = SignUpController.swift; sourceTree = "<group>"; };
		BA62115B24F9D710001853AA /* AuthButton.swift */ = {isa = PBXFileReference; lastKnownFileType = sourcecode.swift; path = AuthButton.swift; sourceTree = "<group>"; };
		BA62115D24F9DD39001853AA /* GoogleService-Info.plist */ = {isa = PBXFileReference; lastKnownFileType = text.plist; path = "GoogleService-Info.plist"; sourceTree = SOURCE_ROOT; };
		BA78C5AA250C58600004BF70 /* LocationInputView.swift */ = {isa = PBXFileReference; lastKnownFileType = sourcecode.swift; path = LocationInputView.swift; sourceTree = "<group>"; };
		BA78C5AD250C6CD70004BF70 /* LocationTableViewCell.swift */ = {isa = PBXFileReference; lastKnownFileType = sourcecode.swift; path = LocationTableViewCell.swift; sourceTree = "<group>"; };
		BA78C5B3250DE22A0004BF70 /* LocationHandler.swift */ = {isa = PBXFileReference; lastKnownFileType = sourcecode.swift; path = LocationHandler.swift; sourceTree = "<group>"; };
		BA78C5B5250DE87A0004BF70 /* Service.swift */ = {isa = PBXFileReference; fileEncoding = 4; lastKnownFileType = sourcecode.swift; path = Service.swift; sourceTree = "<group>"; };
		BA78C5B7250DE89E0004BF70 /* User.swift */ = {isa = PBXFileReference; fileEncoding = 4; lastKnownFileType = sourcecode.swift; path = User.swift; sourceTree = "<group>"; };
		BAC6F733251969F2001FFA49 /* RideActionView.swift */ = {isa = PBXFileReference; lastKnownFileType = sourcecode.swift; path = RideActionView.swift; sourceTree = "<group>"; };
		BAEC55E2250DED4400F85BBD /* DriverAnnotation.swift */ = {isa = PBXFileReference; lastKnownFileType = sourcecode.swift; path = DriverAnnotation.swift; sourceTree = "<group>"; };
		FBAA0E00D3E2D96B02437294 /* Pods-Zuber.debug.xcconfig */ = {isa = PBXFileReference; includeInIndex = 1; lastKnownFileType = text.xcconfig; name = "Pods-Zuber.debug.xcconfig"; path = "Target Support Files/Pods-Zuber/Pods-Zuber.debug.xcconfig"; sourceTree = "<group>"; };
/* End PBXFileReference section */

/* Begin PBXFrameworksBuildPhase section */
		464C68B8241BE54900E71E40 /* Frameworks */ = {
			isa = PBXFrameworksBuildPhase;
			buildActionMask = 2147483647;
			files = (
				8580790AE0E9708E0568F882 /* Pods_Zuber.framework in Frameworks */,
			);
			runOnlyForDeploymentPostprocessing = 0;
		};
/* End PBXFrameworksBuildPhase section */

/* Begin PBXGroup section */
		242CB202975208BAC2B7CB3E /* Frameworks */ = {
			isa = PBXGroup;
			children = (
				A533F4C3303D6B606731D3EA /* Pods_Zuber.framework */,
			);
			name = Frameworks;
			sourceTree = "<group>";
		};
		3DFD91ECF664F7CA856ADB7C /* Pods */ = {
			isa = PBXGroup;
			children = (
				FBAA0E00D3E2D96B02437294 /* Pods-Zuber.debug.xcconfig */,
				0DE5CDDA381ADB0864B6478B /* Pods-Zuber.release.xcconfig */,
			);
			path = Pods;
			sourceTree = "<group>";
		};
		464C68B2241BE54800E71E40 = {
			isa = PBXGroup;
			children = (
				464C68BD241BE54900E71E40 /* Zuber */,
				464C68BC241BE54900E71E40 /* Products */,
				3DFD91ECF664F7CA856ADB7C /* Pods */,
				242CB202975208BAC2B7CB3E /* Frameworks */,
			);
			sourceTree = "<group>";
		};
		464C68BC241BE54900E71E40 /* Products */ = {
			isa = PBXGroup;
			children = (
				464C68BB241BE54900E71E40 /* Zuber.app */,
			);
			name = Products;
			sourceTree = "<group>";
		};
		464C68BD241BE54900E71E40 /* Zuber */ = {
			isa = PBXGroup;
			children = (
				464C68D6241BE58800E71E40 /* Model */,
				464C68D5241BE58700E71E40 /* View */,
				464C68D4241BE58600E71E40 /* Controller */,
				464C68D3241BE58400E71E40 /* Service */,
				464C68D2241BE58300E71E40 /* Utils */,
				464C68BE241BE54900E71E40 /* AppDelegate.swift */,
				464C68C0241BE54900E71E40 /* SceneDelegate.swift */,
				464C68C7241BE54D00E71E40 /* Assets.xcassets */,
				464C68C9241BE54D00E71E40 /* LaunchScreen.storyboard */,
				464C68CC241BE54D00E71E40 /* Info.plist */,
				BA62115D24F9DD39001853AA /* GoogleService-Info.plist */,
			);
			path = Zuber;
			sourceTree = "<group>";
		};
		464C68D2241BE58300E71E40 /* Utils */ = {
			isa = PBXGroup;
			children = (
				464C68D9241C1AC400E71E40 /* Extensions.swift */,
				BA78C5B3250DE22A0004BF70 /* LocationHandler.swift */,
			);
			path = Utils;
			sourceTree = "<group>";
		};
		464C68D3241BE58400E71E40 /* Service */ = {
			isa = PBXGroup;
			children = (
				BA78C5B5250DE87A0004BF70 /* Service.swift */,
			);
			path = Service;
			sourceTree = "<group>";
		};
		464C68D4241BE58600E71E40 /* Controller */ = {
			isa = PBXGroup;
			children = (
				464C68D7241BE62000E71E40 /* LoginController.swift */,
				BA62115724F8895A001853AA /* SignUpController.swift */,
				BA0FF66225083EDC008C8307 /* HomeController.swift */,
			);
			path = Controller;
			sourceTree = "<group>";
		};
		464C68D5241BE58700E71E40 /* View */ = {
			isa = PBXGroup;
			children = (
				BA62115924F9D6EC001853AA /* Components */,
			);
			path = View;
			sourceTree = "<group>";
		};
		464C68D6241BE58800E71E40 /* Model */ = {
			isa = PBXGroup;
			children = (
				BA78C5B7250DE89E0004BF70 /* User.swift */,
				BAEC55E2250DED4400F85BBD /* DriverAnnotation.swift */,
			);
			path = Model;
			sourceTree = "<group>";
		};
		BA0FF6642508511D008C8307 /* Views */ = {
			isa = PBXGroup;
			children = (
				BA78C5AC250C6CA70004BF70 /* TableViewCells */,
				BA0FF66525085141008C8307 /* LocationInputActivationView.swift */,
				BA78C5AA250C58600004BF70 /* LocationInputView.swift */,
				BAC6F733251969F2001FFA49 /* RideActionView.swift */,
			);
			path = Views;
			sourceTree = "<group>";
		};
		BA62115924F9D6EC001853AA /* Components */ = {
			isa = PBXGroup;
			children = (
				BA0FF6642508511D008C8307 /* Views */,
				BA62115A24F9D6F5001853AA /* Buttons */,
			);
			path = Components;
			sourceTree = "<group>";
		};
		BA62115A24F9D6F5001853AA /* Buttons */ = {
			isa = PBXGroup;
			children = (
				BA62115B24F9D710001853AA /* AuthButton.swift */,
			);
			path = Buttons;
			sourceTree = "<group>";
		};
		BA78C5AC250C6CA70004BF70 /* TableViewCells */ = {
			isa = PBXGroup;
			children = (
				BA78C5AD250C6CD70004BF70 /* LocationTableViewCell.swift */,
			);
			path = TableViewCells;
			sourceTree = "<group>";
		};
/* End PBXGroup section */

/* Begin PBXNativeTarget section */
		464C68BA241BE54900E71E40 /* Zuber */ = {
			isa = PBXNativeTarget;
			buildConfigurationList = 464C68CF241BE54D00E71E40 /* Build configuration list for PBXNativeTarget "Zuber" */;
			buildPhases = (
				97F5D3710A7B244766DC722B /* [CP] Check Pods Manifest.lock */,
				464C68B7241BE54900E71E40 /* Sources */,
				464C68B8241BE54900E71E40 /* Frameworks */,
				464C68B9241BE54900E71E40 /* Resources */,
				2CEB0012B9EE62B5BAE5CF35 /* [CP] Embed Pods Frameworks */,
			);
			buildRules = (
			);
			dependencies = (
			);
			name = Zuber;
			productName = Zuber;
			productReference = 464C68BB241BE54900E71E40 /* Zuber.app */;
			productType = "com.apple.product-type.application";
		};
/* End PBXNativeTarget section */

/* Begin PBXProject section */
		464C68B3241BE54800E71E40 /* Project object */ = {
			isa = PBXProject;
			attributes = {
				LastSwiftUpdateCheck = 1120;
				LastUpgradeCheck = 1120;
				ORGANIZATIONNAME = "Carlos Henrique Antunes";
				TargetAttributes = {
					464C68BA241BE54900E71E40 = {
						CreatedOnToolsVersion = 11.2;
					};
				};
			};
			buildConfigurationList = 464C68B6241BE54800E71E40 /* Build configuration list for PBXProject "Zuber" */;
			compatibilityVersion = "Xcode 9.3";
			developmentRegion = en;
			hasScannedForEncodings = 0;
			knownRegions = (
				en,
				Base,
			);
			mainGroup = 464C68B2241BE54800E71E40;
			productRefGroup = 464C68BC241BE54900E71E40 /* Products */;
			projectDirPath = "";
			projectRoot = "";
			targets = (
				464C68BA241BE54900E71E40 /* Zuber */,
			);
		};
/* End PBXProject section */

/* Begin PBXResourcesBuildPhase section */
		464C68B9241BE54900E71E40 /* Resources */ = {
			isa = PBXResourcesBuildPhase;
			buildActionMask = 2147483647;
			files = (
				464C68CB241BE54D00E71E40 /* LaunchScreen.storyboard in Resources */,
				464C68C8241BE54D00E71E40 /* Assets.xcassets in Resources */,
				BA62115E24F9DD39001853AA /* GoogleService-Info.plist in Resources */,
			);
			runOnlyForDeploymentPostprocessing = 0;
		};
/* End PBXResourcesBuildPhase section */

/* Begin PBXShellScriptBuildPhase section */
		2CEB0012B9EE62B5BAE5CF35 /* [CP] Embed Pods Frameworks */ = {
			isa = PBXShellScriptBuildPhase;
			buildActionMask = 2147483647;
			files = (
			);
			inputFileListPaths = (
				"${PODS_ROOT}/Target Support Files/Pods-Zuber/Pods-Zuber-frameworks-${CONFIGURATION}-input-files.xcfilelist",
			);
			name = "[CP] Embed Pods Frameworks";
			outputFileListPaths = (
				"${PODS_ROOT}/Target Support Files/Pods-Zuber/Pods-Zuber-frameworks-${CONFIGURATION}-output-files.xcfilelist",
			);
			runOnlyForDeploymentPostprocessing = 0;
			shellPath = /bin/sh;
			shellScript = "\"${PODS_ROOT}/Target Support Files/Pods-Zuber/Pods-Zuber-frameworks.sh\"\n";
			showEnvVarsInLog = 0;
		};
		97F5D3710A7B244766DC722B /* [CP] Check Pods Manifest.lock */ = {
			isa = PBXShellScriptBuildPhase;
			buildActionMask = 2147483647;
			files = (
			);
			inputFileListPaths = (
			);
			inputPaths = (
				"${PODS_PODFILE_DIR_PATH}/Podfile.lock",
				"${PODS_ROOT}/Manifest.lock",
			);
			name = "[CP] Check Pods Manifest.lock";
			outputFileListPaths = (
			);
			outputPaths = (
				"$(DERIVED_FILE_DIR)/Pods-Zuber-checkManifestLockResult.txt",
			);
			runOnlyForDeploymentPostprocessing = 0;
			shellPath = /bin/sh;
			shellScript = "diff \"${PODS_PODFILE_DIR_PATH}/Podfile.lock\" \"${PODS_ROOT}/Manifest.lock\" > /dev/null\nif [ $? != 0 ] ; then\n    # print error to STDERR\n    echo \"error: The sandbox is not in sync with the Podfile.lock. Run 'pod install' or update your CocoaPods installation.\" >&2\n    exit 1\nfi\n# This output is used by Xcode 'outputs' to avoid re-running this script phase.\necho \"SUCCESS\" > \"${SCRIPT_OUTPUT_FILE_0}\"\n";
			showEnvVarsInLog = 0;
		};
/* End PBXShellScriptBuildPhase section */

/* Begin PBXSourcesBuildPhase section */
		464C68B7241BE54900E71E40 /* Sources */ = {
			isa = PBXSourcesBuildPhase;
			buildActionMask = 2147483647;
			files = (
				BA62115824F8895A001853AA /* SignUpController.swift in Sources */,
				BA78C5B6250DE87A0004BF70 /* Service.swift in Sources */,
				BA62115C24F9D710001853AA /* AuthButton.swift in Sources */,
				BA0FF66325083EDC008C8307 /* HomeController.swift in Sources */,
				BAEC55E3250DED4400F85BBD /* DriverAnnotation.swift in Sources */,
				BA78C5AB250C58600004BF70 /* LocationInputView.swift in Sources */,
				464C68BF241BE54900E71E40 /* AppDelegate.swift in Sources */,
				BA78C5B8250DE89E0004BF70 /* User.swift in Sources */,
				464C68D8241BE62000E71E40 /* LoginController.swift in Sources */,
				BA78C5AE250C6CD70004BF70 /* LocationTableViewCell.swift in Sources */,
				BAC6F734251969F2001FFA49 /* RideActionView.swift in Sources */,
				BA78C5B4250DE22A0004BF70 /* LocationHandler.swift in Sources */,
				464C68C1241BE54900E71E40 /* SceneDelegate.swift in Sources */,
				BA0FF66625085141008C8307 /* LocationInputActivationView.swift in Sources */,
				464C68DA241C1AC400E71E40 /* Extensions.swift in Sources */,
			);
			runOnlyForDeploymentPostprocessing = 0;
		};
/* End PBXSourcesBuildPhase section */

/* Begin PBXVariantGroup section */
		464C68C9241BE54D00E71E40 /* LaunchScreen.storyboard */ = {
			isa = PBXVariantGroup;
			children = (
				464C68CA241BE54D00E71E40 /* Base */,
			);
			name = LaunchScreen.storyboard;
			sourceTree = "<group>";
		};
/* End PBXVariantGroup section */

/* Begin XCBuildConfiguration section */
		464C68CD241BE54D00E71E40 /* Debug */ = {
			isa = XCBuildConfiguration;
			buildSettings = {
				ALWAYS_SEARCH_USER_PATHS = NO;
				CLANG_ANALYZER_NONNULL = YES;
				CLANG_ANALYZER_NUMBER_OBJECT_CONVERSION = YES_AGGRESSIVE;
				CLANG_CXX_LANGUAGE_STANDARD = "gnu++14";
				CLANG_CXX_LIBRARY = "libc++";
				CLANG_ENABLE_MODULES = YES;
				CLANG_ENABLE_OBJC_ARC = YES;
				CLANG_ENABLE_OBJC_WEAK = YES;
				CLANG_WARN_BLOCK_CAPTURE_AUTORELEASING = YES;
				CLANG_WARN_BOOL_CONVERSION = YES;
				CLANG_WARN_COMMA = YES;
				CLANG_WARN_CONSTANT_CONVERSION = YES;
				CLANG_WARN_DEPRECATED_OBJC_IMPLEMENTATIONS = YES;
				CLANG_WARN_DIRECT_OBJC_ISA_USAGE = YES_ERROR;
				CLANG_WARN_DOCUMENTATION_COMMENTS = YES;
				CLANG_WARN_EMPTY_BODY = YES;
				CLANG_WARN_ENUM_CONVERSION = YES;
				CLANG_WARN_INFINITE_RECURSION = YES;
				CLANG_WARN_INT_CONVERSION = YES;
				CLANG_WARN_NON_LITERAL_NULL_CONVERSION = YES;
				CLANG_WARN_OBJC_IMPLICIT_RETAIN_SELF = YES;
				CLANG_WARN_OBJC_LITERAL_CONVERSION = YES;
				CLANG_WARN_OBJC_ROOT_CLASS = YES_ERROR;
				CLANG_WARN_RANGE_LOOP_ANALYSIS = YES;
				CLANG_WARN_STRICT_PROTOTYPES = YES;
				CLANG_WARN_SUSPICIOUS_MOVE = YES;
				CLANG_WARN_UNGUARDED_AVAILABILITY = YES_AGGRESSIVE;
				CLANG_WARN_UNREACHABLE_CODE = YES;
				CLANG_WARN__DUPLICATE_METHOD_MATCH = YES;
				COPY_PHASE_STRIP = NO;
				DEBUG_INFORMATION_FORMAT = dwarf;
				ENABLE_STRICT_OBJC_MSGSEND = YES;
				ENABLE_TESTABILITY = YES;
				GCC_C_LANGUAGE_STANDARD = gnu11;
				GCC_DYNAMIC_NO_PIC = NO;
				GCC_NO_COMMON_BLOCKS = YES;
				GCC_OPTIMIZATION_LEVEL = 0;
				GCC_PREPROCESSOR_DEFINITIONS = (
					"DEBUG=1",
					"$(inherited)",
				);
				GCC_WARN_64_TO_32_BIT_CONVERSION = YES;
				GCC_WARN_ABOUT_RETURN_TYPE = YES_ERROR;
				GCC_WARN_UNDECLARED_SELECTOR = YES;
				GCC_WARN_UNINITIALIZED_AUTOS = YES_AGGRESSIVE;
				GCC_WARN_UNUSED_FUNCTION = YES;
				GCC_WARN_UNUSED_VARIABLE = YES;
				IPHONEOS_DEPLOYMENT_TARGET = 13.2;
				MTL_ENABLE_DEBUG_INFO = INCLUDE_SOURCE;
				MTL_FAST_MATH = YES;
				ONLY_ACTIVE_ARCH = YES;
				SDKROOT = iphoneos;
				SWIFT_ACTIVE_COMPILATION_CONDITIONS = DEBUG;
				SWIFT_OPTIMIZATION_LEVEL = "-Onone";
			};
			name = Debug;
		};
		464C68CE241BE54D00E71E40 /* Release */ = {
			isa = XCBuildConfiguration;
			buildSettings = {
				ALWAYS_SEARCH_USER_PATHS = NO;
				CLANG_ANALYZER_NONNULL = YES;
				CLANG_ANALYZER_NUMBER_OBJECT_CONVERSION = YES_AGGRESSIVE;
				CLANG_CXX_LANGUAGE_STANDARD = "gnu++14";
				CLANG_CXX_LIBRARY = "libc++";
				CLANG_ENABLE_MODULES = YES;
				CLANG_ENABLE_OBJC_ARC = YES;
				CLANG_ENABLE_OBJC_WEAK = YES;
				CLANG_WARN_BLOCK_CAPTURE_AUTORELEASING = YES;
				CLANG_WARN_BOOL_CONVERSION = YES;
				CLANG_WARN_COMMA = YES;
				CLANG_WARN_CONSTANT_CONVERSION = YES;
				CLANG_WARN_DEPRECATED_OBJC_IMPLEMENTATIONS = YES;
				CLANG_WARN_DIRECT_OBJC_ISA_USAGE = YES_ERROR;
				CLANG_WARN_DOCUMENTATION_COMMENTS = YES;
				CLANG_WARN_EMPTY_BODY = YES;
				CLANG_WARN_ENUM_CONVERSION = YES;
				CLANG_WARN_INFINITE_RECURSION = YES;
				CLANG_WARN_INT_CONVERSION = YES;
				CLANG_WARN_NON_LITERAL_NULL_CONVERSION = YES;
				CLANG_WARN_OBJC_IMPLICIT_RETAIN_SELF = YES;
				CLANG_WARN_OBJC_LITERAL_CONVERSION = YES;
				CLANG_WARN_OBJC_ROOT_CLASS = YES_ERROR;
				CLANG_WARN_RANGE_LOOP_ANALYSIS = YES;
				CLANG_WARN_STRICT_PROTOTYPES = YES;
				CLANG_WARN_SUSPICIOUS_MOVE = YES;
				CLANG_WARN_UNGUARDED_AVAILABILITY = YES_AGGRESSIVE;
				CLANG_WARN_UNREACHABLE_CODE = YES;
				CLANG_WARN__DUPLICATE_METHOD_MATCH = YES;
				COPY_PHASE_STRIP = NO;
				DEBUG_INFORMATION_FORMAT = "dwarf-with-dsym";
				ENABLE_NS_ASSERTIONS = NO;
				ENABLE_STRICT_OBJC_MSGSEND = YES;
				GCC_C_LANGUAGE_STANDARD = gnu11;
				GCC_NO_COMMON_BLOCKS = YES;
				GCC_WARN_64_TO_32_BIT_CONVERSION = YES;
				GCC_WARN_ABOUT_RETURN_TYPE = YES_ERROR;
				GCC_WARN_UNDECLARED_SELECTOR = YES;
				GCC_WARN_UNINITIALIZED_AUTOS = YES_AGGRESSIVE;
				GCC_WARN_UNUSED_FUNCTION = YES;
				GCC_WARN_UNUSED_VARIABLE = YES;
				IPHONEOS_DEPLOYMENT_TARGET = 13.2;
				MTL_ENABLE_DEBUG_INFO = NO;
				MTL_FAST_MATH = YES;
				SDKROOT = iphoneos;
				SWIFT_COMPILATION_MODE = wholemodule;
				SWIFT_OPTIMIZATION_LEVEL = "-O";
				VALIDATE_PRODUCT = YES;
			};
			name = Release;
		};
		464C68D0241BE54D00E71E40 /* Debug */ = {
			isa = XCBuildConfiguration;
			baseConfigurationReference = FBAA0E00D3E2D96B02437294 /* Pods-Zuber.debug.xcconfig */;
			buildSettings = {
				ASSETCATALOG_COMPILER_APPICON_NAME = AppIcon;
				CODE_SIGN_IDENTITY = "Apple Development";
				CODE_SIGN_STYLE = Automatic;
				DEVELOPMENT_TEAM = GT7C9KV2QY;
				INFOPLIST_FILE = Zuber/Info.plist;
				LD_RUNPATH_SEARCH_PATHS = (
					"$(inherited)",
					"@executable_path/Frameworks",
				);
				PRODUCT_BUNDLE_IDENTIFIER = com.carloschfa.zuber;
				PRODUCT_NAME = "$(TARGET_NAME)";
				PROVISIONING_PROFILE_SPECIFIER = "";
				SWIFT_VERSION = 5.0;
				TARGETED_DEVICE_FAMILY = "1,2";
			};
			name = Debug;
		};
		464C68D1241BE54D00E71E40 /* Release */ = {
			isa = XCBuildConfiguration;
			baseConfigurationReference = 0DE5CDDA381ADB0864B6478B /* Pods-Zuber.release.xcconfig */;
			buildSettings = {
				ASSETCATALOG_COMPILER_APPICON_NAME = AppIcon;
				CODE_SIGN_IDENTITY = "Apple Development";
				CODE_SIGN_STYLE = Automatic;
				DEVELOPMENT_TEAM = GT7C9KV2QY;
				INFOPLIST_FILE = Zuber/Info.plist;
				LD_RUNPATH_SEARCH_PATHS = (
					"$(inherited)",
					"@executable_path/Frameworks",
				);
				PRODUCT_BUNDLE_IDENTIFIER = com.carloschfa.zuber;
				PRODUCT_NAME = "$(TARGET_NAME)";
				PROVISIONING_PROFILE_SPECIFIER = "";
				SWIFT_VERSION = 5.0;
				TARGETED_DEVICE_FAMILY = "1,2";
			};
			name = Release;
		};
/* End XCBuildConfiguration section */

/* Begin XCConfigurationList section */
		464C68B6241BE54800E71E40 /* Build configuration list for PBXProject "Zuber" */ = {
			isa = XCConfigurationList;
			buildConfigurations = (
				464C68CD241BE54D00E71E40 /* Debug */,
				464C68CE241BE54D00E71E40 /* Release */,
			);
			defaultConfigurationIsVisible = 0;
			defaultConfigurationName = Release;
		};
		464C68CF241BE54D00E71E40 /* Build configuration list for PBXNativeTarget "Zuber" */ = {
			isa = XCConfigurationList;
			buildConfigurations = (
				464C68D0241BE54D00E71E40 /* Debug */,
				464C68D1241BE54D00E71E40 /* Release */,
			);
			defaultConfigurationIsVisible = 0;
			defaultConfigurationName = Release;
		};
/* End XCConfigurationList section */
	};
	rootObject = 464C68B3241BE54800E71E40 /* Project object */;
}
